
Microsoft Visual Studio Solution File, Format Version 12.00
# Visual Studio Version 16
VisualStudioVersion = 16.0.30517.126
MinimumVisualStudioVersion = 10.0.40219.1
Project("{FAE04EC0-301F-11D3-BF4B-00C04F79EFBC}") = "CollectionApplication", "CollectionApplication\CollectionApplication.csproj", "{06BA300C-AA9C-4544-B2CD-8B4A99C0CDEF}"
EndProject
Global
	GlobalSection(SolutionConfigurationPlatforms) = preSolution
		Debug|Any CPU = Debug|Any CPU
		Release|Any CPU = Release|Any CPU
	EndGlobalSection
	GlobalSection(ProjectConfigurationPlatforms) = postSolution
		{06BA300C-AA9C-4544-B2CD-8B4A99C0CDEF}.Debug|Any CPU.ActiveCfg = Debug|Any CPU
		{06BA300C-AA9C-4544-B2CD-8B4A99C0CDEF}.Debug|Any CPU.Build.0 = Debug|Any CPU
		{06BA300C-AA9C-4544-B2CD-8B4A99C0CDEF}.Release|Any CPU.ActiveCfg = Release|Any CPU
		{06BA300C-AA9C-4544-B2CD-8B4A99C0CDEF}.Release|Any CPU.Build.0 = Release|Any CPU
	EndGlobalSection
	GlobalSection(SolutionProperties) = preSolution
		HideSolutionNode = FALSE
	EndGlobalSection
	GlobalSection(ExtensibilityGlobals) = postSolution
		SolutionGuid = {9DBBD4C4-0F93-4937-B4DB-51DE7FED6A5E}
	EndGlobalSection
EndGlobal
